
Microsoft Visual Studio Solution File, Format Version 12.00
# Visual Studio Version 17
VisualStudioVersion = 17.0.32112.339
MinimumVisualStudioVersion = 10.0.40219.1
Project("{9A19103F-16F7-4668-BE54-9A1E7A4F7556}") = "HotelListing", "HotelListing\HotelListing.csproj", "{6E3A79FE-D975-4655-997D-D4C4CA5E1FD8}"
EndProject
Project("{9A19103F-16F7-4668-BE54-9A1E7A4F7556}") = "HotelListing.Data", "HotelListing.Data\HotelListing.Data.csproj", "{D57F0D86-02BB-4A53-AEF2-45F6E6765281}"
EndProject
Project("{FAE04EC0-301F-11D3-BF4B-00C04F79EFBC}") = "HotelListing.Core", "HotelListing.Core\HotelListing.Core.csproj", "{516B784D-2165-4C89-A8C0-AAF845FB43CE}"
EndProject
Global
	GlobalSection(SolutionConfigurationPlatforms) = preSolution
		Debug|Any CPU = Debug|Any CPU
		Release|Any CPU = Release|Any CPU
	EndGlobalSection
	GlobalSection(ProjectConfigurationPlatforms) = postSolution
		{6E3A79FE-D975-4655-997D-D4C4CA5E1FD8}.Debug|Any CPU.ActiveCfg = Debug|Any CPU
		{6E3A79FE-D975-4655-997D-D4C4CA5E1FD8}.Debug|Any CPU.Build.0 = Debug|Any CPU
		{6E3A79FE-D975-4655-997D-D4C4CA5E1FD8}.Release|Any CPU.ActiveCfg = Release|Any CPU
		{6E3A79FE-D975-4655-997D-D4C4CA5E1FD8}.Release|Any CPU.Build.0 = Release|Any CPU
		{D57F0D86-02BB-4A53-AEF2-45F6E6765281}.Debug|Any CPU.ActiveCfg = Debug|Any CPU
		{D57F0D86-02BB-4A53-AEF2-45F6E6765281}.Debug|Any CPU.Build.0 = Debug|Any CPU
		{D57F0D86-02BB-4A53-AEF2-45F6E6765281}.Release|Any CPU.ActiveCfg = Release|Any CPU
		{D57F0D86-02BB-4A53-AEF2-45F6E6765281}.Release|Any CPU.Build.0 = Release|Any CPU
		{516B784D-2165-4C89-A8C0-AAF845FB43CE}.Debug|Any CPU.ActiveCfg = Debug|Any CPU
		{516B784D-2165-4C89-A8C0-AAF845FB43CE}.Debug|Any CPU.Build.0 = Debug|Any CPU
		{516B784D-2165-4C89-A8C0-AAF845FB43CE}.Release|Any CPU.ActiveCfg = Release|Any CPU
		{516B784D-2165-4C89-A8C0-AAF845FB43CE}.Release|Any CPU.Build.0 = Release|Any CPU
	EndGlobalSection
	GlobalSection(SolutionProperties) = preSolution
		HideSolutionNode = FALSE
	EndGlobalSection
	GlobalSection(ExtensibilityGlobals) = postSolution
		SolutionGuid = {60A38D9B-6BF4-490A-8760-3ADD403B9A26}
	EndGlobalSection
EndGlobal
